
Microsoft Visual Studio Solution File, Format Version 12.00
# Visual Studio Version 16
VisualStudioVersion = 16.0.30523.141
MinimumVisualStudioVersion = 10.0.40219.1
Project("{FAE04EC0-301F-11D3-BF4B-00C04F79EFBC}") = "JqueryValidateUnobtrusive03", "JqueryValidateUnobtrusive03\JqueryValidateUnobtrusive03.csproj", "{0076FE4D-17F8-47D7-84AD-0D38A368AA28}"
EndProject
Global
	GlobalSection(SolutionConfigurationPlatforms) = preSolution
		Debug|Any CPU = Debug|Any CPU
		Release|Any CPU = Release|Any CPU
	EndGlobalSection
	GlobalSection(ProjectConfigurationPlatforms) = postSolution
		{0076FE4D-17F8-47D7-84AD-0D38A368AA28}.Debug|Any CPU.ActiveCfg = Debug|Any CPU
		{0076FE4D-17F8-47D7-84AD-0D38A368AA28}.Debug|Any CPU.Build.0 = Debug|Any CPU
		{0076FE4D-17F8-47D7-84AD-0D38A368AA28}.Release|Any CPU.ActiveCfg = Release|Any CPU
		{0076FE4D-17F8-47D7-84AD-0D38A368AA28}.Release|Any CPU.Build.0 = Release|Any CPU
	EndGlobalSection
	GlobalSection(SolutionProperties) = preSolution
		HideSolutionNode = FALSE
	EndGlobalSection
	GlobalSection(ExtensibilityGlobals) = postSolution
		SolutionGuid = {76D18DE5-8881-4E8E-8065-F6154A00D8A8}
	EndGlobalSection
EndGlobal
